// !$*UTF8*$!
{
	archiveVersion = 1;
	classes = {
	};
	objectVersion = 46;
	objects = {

/* Begin PBXBuildFile section */
		0881815A1BB68AF80002A43F /* Card.m in Sources */ = {isa = PBXBuildFile; fileRef = 088181591BB68AF80002A43F /* Card.m */; settings = {ASSET_TAGS = (); }; };
		08C9D3661BB6749F0099CA1A /* main.m in Sources */ = {isa = PBXBuildFile; fileRef = 08C9D3651BB6749F0099CA1A /* main.m */; };
		08C9D3691BB6749F0099CA1A /* AppDelegate.m in Sources */ = {isa = PBXBuildFile; fileRef = 08C9D3681BB6749F0099CA1A /* AppDelegate.m */; };
		08C9D36C1BB6749F0099CA1A /* ViewController.m in Sources */ = {isa = PBXBuildFile; fileRef = 08C9D36B1BB6749F0099CA1A /* ViewController.m */; };
		08C9D36F1BB6749F0099CA1A /* Main.storyboard in Resources */ = {isa = PBXBuildFile; fileRef = 08C9D36D1BB6749F0099CA1A /* Main.storyboard */; };
		08C9D3711BB6749F0099CA1A /* Assets.xcassets in Resources */ = {isa = PBXBuildFile; fileRef = 08C9D3701BB6749F0099CA1A /* Assets.xcassets */; };
		08C9D3741BB6749F0099CA1A /* LaunchScreen.storyboard in Resources */ = {isa = PBXBuildFile; fileRef = 08C9D3721BB6749F0099CA1A /* LaunchScreen.storyboard */; };
		08CA06DA1BBA05F000E89B65 /* Deck.m in Sources */ = {isa = PBXBuildFile; fileRef = 08CA06D91BBA05F000E89B65 /* Deck.m */; settings = {ASSET_TAGS = (); }; };
		08CA06DD1BBA074000E89B65 /* PlayingCard.m in Sources */ = {isa = PBXBuildFile; fileRef = 08CA06DC1BBA074000E89B65 /* PlayingCard.m */; settings = {ASSET_TAGS = (); }; };
		08CA06E01BBA099200E89B65 /* PlayingCardDeck.m in Sources */ = {isa = PBXBuildFile; fileRef = 08CA06DF1BBA099200E89B65 /* PlayingCardDeck.m */; settings = {ASSET_TAGS = (); }; };
/* End PBXBuildFile section */

/* Begin PBXFileReference section */
		088181581BB68AF80002A43F /* Card.h */ = {isa = PBXFileReference; fileEncoding = 4; lastKnownFileType = sourcecode.c.h; name = Card.h; path = Model/Card.h; sourceTree = "<group>"; };
		088181591BB68AF80002A43F /* Card.m */ = {isa = PBXFileReference; fileEncoding = 4; lastKnownFileType = sourcecode.c.objc; name = Card.m; path = Model/Card.m; sourceTree = "<group>"; };
		08C9D3611BB6749F0099CA1A /* Matchismo.app */ = {isa = PBXFileReference; explicitFileType = wrapper.application; includeInIndex = 0; path = Matchismo.app; sourceTree = BUILT_PRODUCTS_DIR; };
		08C9D3651BB6749F0099CA1A /* main.m */ = {isa = PBXFileReference; lastKnownFileType = sourcecode.c.objc; path = main.m; sourceTree = "<group>"; };
		08C9D3671BB6749F0099CA1A /* AppDelegate.h */ = {isa = PBXFileReference; lastKnownFileType = sourcecode.c.h; path = AppDelegate.h; sourceTree = "<group>"; };
		08C9D3681BB6749F0099CA1A /* AppDelegate.m */ = {isa = PBXFileReference; lastKnownFileType = sourcecode.c.objc; path = AppDelegate.m; sourceTree = "<group>"; };
		08C9D36A1BB6749F0099CA1A /* ViewController.h */ = {isa = PBXFileReference; lastKnownFileType = sourcecode.c.h; path = ViewController.h; sourceTree = "<group>"; };
		08C9D36B1BB6749F0099CA1A /* ViewController.m */ = {isa = PBXFileReference; lastKnownFileType = sourcecode.c.objc; path = ViewController.m; sourceTree = "<group>"; };
		08C9D36E1BB6749F0099CA1A /* Base */ = {isa = PBXFileReference; lastKnownFileType = file.storyboard; name = Base; path = Base.lproj/Main.storyboard; sourceTree = "<group>"; };
		08C9D3701BB6749F0099CA1A /* Assets.xcassets */ = {isa = PBXFileReference; lastKnownFileType = folder.assetcatalog; path = Assets.xcassets; sourceTree = "<group>"; };
		08C9D3731BB6749F0099CA1A /* Base */ = {isa = PBXFileReference; lastKnownFileType = file.storyboard; name = Base; path = Base.lproj/LaunchScreen.storyboard; sourceTree = "<group>"; };
		08C9D3751BB6749F0099CA1A /* Info.plist */ = {isa = PBXFileReference; lastKnownFileType = text.plist.xml; path = Info.plist; sourceTree = "<group>"; };
		08CA06D81BBA05F000E89B65 /* Deck.h */ = {isa = PBXFileReference; fileEncoding = 4; lastKnownFileType = sourcecode.c.h; name = Deck.h; path = Model/Deck.h; sourceTree = "<group>"; };
		08CA06D91BBA05F000E89B65 /* Deck.m */ = {isa = PBXFileReference; fileEncoding = 4; lastKnownFileType = sourcecode.c.objc; name = Deck.m; path = Model/Deck.m; sourceTree = "<group>"; };
		08CA06DB1BBA074000E89B65 /* PlayingCard.h */ = {isa = PBXFileReference; fileEncoding = 4; lastKnownFileType = sourcecode.c.h; name = PlayingCard.h; path = Model/PlayingCard.h; sourceTree = "<group>"; };
		08CA06DC1BBA074000E89B65 /* PlayingCard.m */ = {isa = PBXFileReference; fileEncoding = 4; lastKnownFileType = sourcecode.c.objc; name = PlayingCard.m; path = Model/PlayingCard.m; sourceTree = "<group>"; };
		08CA06DE1BBA099200E89B65 /* PlayingCardDeck.h */ = {isa = PBXFileReference; fileEncoding = 4; lastKnownFileType = sourcecode.c.h; name = PlayingCardDeck.h; path = Model/PlayingCardDeck.h; sourceTree = "<group>"; };
		08CA06DF1BBA099200E89B65 /* PlayingCardDeck.m */ = {isa = PBXFileReference; fileEncoding = 4; lastKnownFileType = sourcecode.c.objc; name = PlayingCardDeck.m; path = Model/PlayingCardDeck.m; sourceTree = "<group>"; };
/* End PBXFileReference section */

/* Begin PBXFrameworksBuildPhase section */
		08C9D35E1BB6749E0099CA1A /* Frameworks */ = {
			isa = PBXFrameworksBuildPhase;
			buildActionMask = 2147483647;
			files = (
			);
			runOnlyForDeploymentPostprocessing = 0;
		};
/* End PBXFrameworksBuildPhase section */

/* Begin PBXGroup section */
		0881815B1BB68B390002A43F /* Model */ = {
			isa = PBXGroup;
			children = (
				088181581BB68AF80002A43F /* Card.h */,
				088181591BB68AF80002A43F /* Card.m */,
				08CA06D81BBA05F000E89B65 /* Deck.h */,
				08CA06D91BBA05F000E89B65 /* Deck.m */,
				08CA06DB1BBA074000E89B65 /* PlayingCard.h */,
				08CA06DC1BBA074000E89B65 /* PlayingCard.m */,
				08CA06DE1BBA099200E89B65 /* PlayingCardDeck.h */,
				08CA06DF1BBA099200E89B65 /* PlayingCardDeck.m */,
			);
			name = Model;
			sourceTree = "<group>";
		};
		08C9D3581BB6749E0099CA1A = {
			isa = PBXGroup;
			children = (
				08C9D3631BB6749F0099CA1A /* Matchismo */,
				08C9D3621BB6749F0099CA1A /* Products */,
			);
			sourceTree = "<group>";
		};
		08C9D3621BB6749F0099CA1A /* Products */ = {
			isa = PBXGroup;
			children = (
				08C9D3611BB6749F0099CA1A /* Matchismo.app */,
			);
			name = Products;
			sourceTree = "<group>";
		};
		08C9D3631BB6749F0099CA1A /* Matchismo */ = {
			isa = PBXGroup;
			children = (
				0881815B1BB68B390002A43F /* Model */,
				08C9D36A1BB6749F0099CA1A /* ViewController.h */,
				08C9D36B1BB6749F0099CA1A /* ViewController.m */,
				08C9D36D1BB6749F0099CA1A /* Main.storyboard */,
				08C9D3701BB6749F0099CA1A /* Assets.xcassets */,
				08C9D3721BB6749F0099CA1A /* LaunchScreen.storyboard */,
				08C9D3751BB6749F0099CA1A /* Info.plist */,
				08C9D3641BB6749F0099CA1A /* Supporting Files */,
			);
			path = Matchismo;
			sourceTree = "<group>";
		};
		08C9D3641BB6749F0099CA1A /* Supporting Files */ = {
			isa = PBXGroup;
			children = (
				08C9D3671BB6749F0099CA1A /* AppDelegate.h */,
				08C9D3681BB6749F0099CA1A /* AppDelegate.m */,
				08C9D3651BB6749F0099CA1A /* main.m */,
			);
			name = "Supporting Files";
			sourceTree = "<group>";
		};
/* End PBXGroup section */

/* Begin PBXNativeTarget section */
		08C9D3601BB6749E0099CA1A /* Matchismo */ = {
			isa = PBXNativeTarget;
			buildConfigurationList = 08C9D3781BB6749F0099CA1A /* Build configuration list for PBXNativeTarget "Matchismo" */;
			buildPhases = (
				08C9D35D1BB6749E0099CA1A /* Sources */,
				08C9D35E1BB6749E0099CA1A /* Frameworks */,
				08C9D35F1BB6749E0099CA1A /* Resources */,
			);
			buildRules = (
			);
			dependencies = (
			);
			name = Matchismo;
			productName = Matchismo;
			productReference = 08C9D3611BB6749F0099CA1A /* Matchismo.app */;
			productType = "com.apple.product-type.application";
		};
/* End PBXNativeTarget section */

/* Begin PBXProject section */
		08C9D3591BB6749E0099CA1A /* Project object */ = {
			isa = PBXProject;
			attributes = {
				LastUpgradeCheck = 0700;
				ORGANIZATIONNAME = princeli;
				TargetAttributes = {
					08C9D3601BB6749E0099CA1A = {
						CreatedOnToolsVersion = 7.0;
						DevelopmentTeam = 38K9AA8H92;
					};
				};
			};
			buildConfigurationList = 08C9D35C1BB6749E0099CA1A /* Build configuration list for PBXProject "Matchismo" */;
			compatibilityVersion = "Xcode 3.2";
			developmentRegion = English;
			hasScannedForEncodings = 0;
			knownRegions = (
				en,
				Base,
			);
			mainGroup = 08C9D3581BB6749E0099CA1A;
			productRefGroup = 08C9D3621BB6749F0099CA1A /* Products */;
			projectDirPath = "";
			projectRoot = "";
			targets = (
				08C9D3601BB6749E0099CA1A /* Matchismo */,
			);
		};
/* End PBXProject section */

/* Begin PBXResourcesBuildPhase section */
		08C9D35F1BB6749E0099CA1A /* Resources */ = {
			isa = PBXResourcesBuildPhase;
			buildActionMask = 2147483647;
			files = (
				08C9D3741BB6749F0099CA1A /* LaunchScreen.storyboard in Resources */,
				08C9D3711BB6749F0099CA1A /* Assets.xcassets in Resources */,
				08C9D36F1BB6749F0099CA1A /* Main.storyboard in Resources */,
			);
			runOnlyForDeploymentPostprocessing = 0;
		};
/* End PBXResourcesBuildPhase section */

/* Begin PBXSourcesBuildPhase section */
		08C9D35D1BB6749E0099CA1A /* Sources */ = {
			isa = PBXSourcesBuildPhase;
			buildActionMask = 2147483647;
			files = (
				08CA06DD1BBA074000E89B65 /* PlayingCard.m in Sources */,
				08CA06DA1BBA05F000E89B65 /* Deck.m in Sources */,
				08C9D36C1BB6749F0099CA1A /* ViewController.m in Sources */,
				08C9D3691BB6749F0099CA1A /* AppDelegate.m in Sources */,
				08CA06E01BBA099200E89B65 /* PlayingCardDeck.m in Sources */,
				08C9D3661BB6749F0099CA1A /* main.m in Sources */,
				0881815A1BB68AF80002A43F /* Card.m in Sources */,
			);
			runOnlyForDeploymentPostprocessing = 0;
		};
/* End PBXSourcesBuildPhase section */

/* Begin PBXVariantGroup section */
		08C9D36D1BB6749F0099CA1A /* Main.storyboard */ = {
			isa = PBXVariantGroup;
			children = (
				08C9D36E1BB6749F0099CA1A /* Base */,
			);
			name = Main.storyboard;
			sourceTree = "<group>";
		};
		08C9D3721BB6749F0099CA1A /* LaunchScreen.storyboard */ = {
			isa = PBXVariantGroup;
			children = (
				08C9D3731BB6749F0099CA1A /* Base */,
			);
			name = LaunchScreen.storyboard;
			sourceTree = "<group>";
		};
/* End PBXVariantGroup section */

/* Begin XCBuildConfiguration section */
		08C9D3761BB6749F0099CA1A /* Debug */ = {
			isa = XCBuildConfiguration;
			buildSettings = {
				ALWAYS_SEARCH_USER_PATHS = NO;
				CLANG_CXX_LANGUAGE_STANDARD = "gnu++0x";
				CLANG_CXX_LIBRARY = "libc++";
				CLANG_ENABLE_MODULES = YES;
				CLANG_ENABLE_OBJC_ARC = YES;
				CLANG_WARN_BOOL_CONVERSION = YES;
				CLANG_WARN_CONSTANT_CONVERSION = YES;
				CLANG_WARN_DIRECT_OBJC_ISA_USAGE = YES_ERROR;
				CLANG_WARN_EMPTY_BODY = YES;
				CLANG_WARN_ENUM_CONVERSION = YES;
				CLANG_WARN_INT_CONVERSION = YES;
				CLANG_WARN_OBJC_ROOT_CLASS = YES_ERROR;
				CLANG_WARN_UNREACHABLE_CODE = YES;
				CLANG_WARN__DUPLICATE_METHOD_MATCH = YES;
				"CODE_SIGN_IDENTITY[sdk=iphoneos*]" = "iPhone Developer";
				COPY_PHASE_STRIP = NO;
				DEBUG_INFORMATION_FORMAT = dwarf;
				ENABLE_STRICT_OBJC_MSGSEND = YES;
				ENABLE_TESTABILITY = YES;
				GCC_C_LANGUAGE_STANDARD = gnu99;
				GCC_DYNAMIC_NO_PIC = NO;
				GCC_NO_COMMON_BLOCKS = YES;
				GCC_OPTIMIZATION_LEVEL = 0;
				GCC_PREPROCESSOR_DEFINITIONS = (
					"DEBUG=1",
					"$(inherited)",
				);
				GCC_WARN_64_TO_32_BIT_CONVERSION = YES;
				GCC_WARN_ABOUT_RETURN_TYPE = YES_ERROR;
				GCC_WARN_UNDECLARED_SELECTOR = YES;
				GCC_WARN_UNINITIALIZED_AUTOS = YES_AGGRESSIVE;
				GCC_WARN_UNUSED_FUNCTION = YES;
				GCC_WARN_UNUSED_VARIABLE = YES;
				IPHONEOS_DEPLOYMENT_TARGET = 9.0;
				MTL_ENABLE_DEBUG_INFO = YES;
				ONLY_ACTIVE_ARCH = YES;
				SDKROOT = iphoneos;
			};
			name = Debug;
		};
		08C9D3771BB6749F0099CA1A /* Release */ = {
			isa = XCBuildConfiguration;
			buildSettings = {
				ALWAYS_SEARCH_USER_PATHS = NO;
				CLANG_CXX_LANGUAGE_STANDARD = "gnu++0x";
				CLANG_CXX_LIBRARY = "libc++";
				CLANG_ENABLE_MODULES = YES;
				CLANG_ENABLE_OBJC_ARC = YES;
				CLANG_WARN_BOOL_CONVERSION = YES;
				CLANG_WARN_CONSTANT_CONVERSION = YES;
				CLANG_WARN_DIRECT_OBJC_ISA_USAGE = YES_ERROR;
				CLANG_WARN_EMPTY_BODY = YES;
				CLANG_WARN_ENUM_CONVERSION = YES;
				CLANG_WARN_INT_CONVERSION = YES;
				CLANG_WARN_OBJC_ROOT_CLASS = YES_ERROR;
				CLANG_WARN_UNREACHABLE_CODE = YES;
				CLANG_WARN__DUPLICATE_METHOD_MATCH = YES;
				"CODE_SIGN_IDENTITY[sdk=iphoneos*]" = "iPhone Developer";
				COPY_PHASE_STRIP = NO;
				DEBUG_INFORMATION_FORMAT = "dwarf-with-dsym";
				ENABLE_NS_ASSERTIONS = NO;
				ENABLE_STRICT_OBJC_MSGSEND = YES;
				GCC_C_LANGUAGE_STANDARD = gnu99;
				GCC_NO_COMMON_BLOCKS = YES;
				GCC_WARN_64_TO_32_BIT_CONVERSION = YES;
				GCC_WARN_ABOUT_RETURN_TYPE = YES_ERROR;
				GCC_WARN_UNDECLARED_SELECTOR = YES;
				GCC_WARN_UNINITIALIZED_AUTOS = YES_AGGRESSIVE;
				GCC_WARN_UNUSED_FUNCTION = YES;
				GCC_WARN_UNUSED_VARIABLE = YES;
				IPHONEOS_DEPLOYMENT_TARGET = 9.0;
				MTL_ENABLE_DEBUG_INFO = NO;
				SDKROOT = iphoneos;
				VALIDATE_PRODUCT = YES;
			};
			name = Release;
		};
		08C9D3791BB6749F0099CA1A /* Debug */ = {
			isa = XCBuildConfiguration;
			buildSettings = {
				ASSETCATALOG_COMPILER_APPICON_NAME = AppIcon;
				CODE_SIGN_IDENTITY = "iPhone Developer";
				INFOPLIST_FILE = Matchismo/Info.plist;
				LD_RUNPATH_SEARCH_PATHS = "$(inherited) @executable_path/Frameworks";
				PRODUCT_BUNDLE_IDENTIFIER = com.princeli.Matchismo;
				PRODUCT_NAME = "$(TARGET_NAME)";
			};
			name = Debug;
		};
		08C9D37A1BB6749F0099CA1A /* Release */ = {
			isa = XCBuildConfiguration;
			buildSettings = {
				ASSETCATALOG_COMPILER_APPICON_NAME = AppIcon;
				CODE_SIGN_IDENTITY = "iPhone Developer";
				INFOPLIST_FILE = Matchismo/Info.plist;
				LD_RUNPATH_SEARCH_PATHS = "$(inherited) @executable_path/Frameworks";
				PRODUCT_BUNDLE_IDENTIFIER = com.princeli.Matchismo;
				PRODUCT_NAME = "$(TARGET_NAME)";
			};
			name = Release;
		};
/* End XCBuildConfiguration section */

/* Begin XCConfigurationList section */
		08C9D35C1BB6749E0099CA1A /* Build configuration list for PBXProject "Matchismo" */ = {
			isa = XCConfigurationList;
			buildConfigurations = (
				08C9D3761BB6749F0099CA1A /* Debug */,
				08C9D3771BB6749F0099CA1A /* Release */,
			);
			defaultConfigurationIsVisible = 0;
			defaultConfigurationName = Release;
		};
		08C9D3781BB6749F0099CA1A /* Build configuration list for PBXNativeTarget "Matchismo" */ = {
			isa = XCConfigurationList;
			buildConfigurations = (
				08C9D3791BB6749F0099CA1A /* Debug */,
				08C9D37A1BB6749F0099CA1A /* Release */,
			);
			defaultConfigurationIsVisible = 0;
			defaultConfigurationName = Release;
		};
/* End XCConfigurationList section */
	};
	rootObject = 08C9D3591BB6749E0099CA1A /* Project object */;
}
